// !$*UTF8*$!
{
	archiveVersion = 1;
	classes = {
	};
	objectVersion = 56;
	objects = {

/* Begin PBXBuildFile section */
		1235082F2A6E6E7D00E8BE83 /* Alamofire in Frameworks */ = {isa = PBXBuildFile; productRef = 1235082E2A6E6E7D00E8BE83 /* Alamofire */; };
		12E5CF812A6B781400D6A2C1 /* AppDelegate.swift in Sources */ = {isa = PBXBuildFile; fileRef = 12E5CF802A6B781400D6A2C1 /* AppDelegate.swift */; };
		12E5CF832A6B781400D6A2C1 /* SceneDelegate.swift in Sources */ = {isa = PBXBuildFile; fileRef = 12E5CF822A6B781400D6A2C1 /* SceneDelegate.swift */; };
		12E5CF852A6B781400D6A2C1 /* ViewController.swift in Sources */ = {isa = PBXBuildFile; fileRef = 12E5CF842A6B781400D6A2C1 /* ViewController.swift */; };
		12E5CF882A6B781400D6A2C1 /* Main.storyboard in Resources */ = {isa = PBXBuildFile; fileRef = 12E5CF862A6B781400D6A2C1 /* Main.storyboard */; };
		12E5CF8A2A6B781500D6A2C1 /* Assets.xcassets in Resources */ = {isa = PBXBuildFile; fileRef = 12E5CF892A6B781500D6A2C1 /* Assets.xcassets */; };
		12E5CF8D2A6B781500D6A2C1 /* LaunchScreen.storyboard in Resources */ = {isa = PBXBuildFile; fileRef = 12E5CF8B2A6B781500D6A2C1 /* LaunchScreen.storyboard */; };
		12E5CF982A6B781500D6A2C1 /* SCNViewDemoTests.swift in Sources */ = {isa = PBXBuildFile; fileRef = 12E5CF972A6B781500D6A2C1 /* SCNViewDemoTests.swift */; };
		12E5CFA22A6B781500D6A2C1 /* SCNViewDemoUITests.swift in Sources */ = {isa = PBXBuildFile; fileRef = 12E5CFA12A6B781500D6A2C1 /* SCNViewDemoUITests.swift */; };
		12E5CFA42A6B781500D6A2C1 /* SCNViewDemoUITestsLaunchTests.swift in Sources */ = {isa = PBXBuildFile; fileRef = 12E5CFA32A6B781500D6A2C1 /* SCNViewDemoUITestsLaunchTests.swift */; };
		12E5CFB12A6B7A1200D6A2C1 /* scenery.jpg in Resources */ = {isa = PBXBuildFile; fileRef = 12E5CFB02A6B7A1200D6A2C1 /* scenery.jpg */; };
/* End PBXBuildFile section */

/* Begin PBXContainerItemProxy section */
		12E5CF942A6B781500D6A2C1 /* PBXContainerItemProxy */ = {
			isa = PBXContainerItemProxy;
			containerPortal = 12E5CF752A6B781400D6A2C1 /* Project object */;
			proxyType = 1;
			remoteGlobalIDString = 12E5CF7C2A6B781400D6A2C1;
			remoteInfo = SCNViewDemo;
		};
		12E5CF9E2A6B781500D6A2C1 /* PBXContainerItemProxy */ = {
			isa = PBXContainerItemProxy;
			containerPortal = 12E5CF752A6B781400D6A2C1 /* Project object */;
			proxyType = 1;
			remoteGlobalIDString = 12E5CF7C2A6B781400D6A2C1;
			remoteInfo = SCNViewDemo;
		};
/* End PBXContainerItemProxy section */

/* Begin PBXFileReference section */
		12E5CF7D2A6B781400D6A2C1 /* SCNViewDemo.app */ = {isa = PBXFileReference; explicitFileType = wrapper.application; includeInIndex = 0; path = SCNViewDemo.app; sourceTree = BUILT_PRODUCTS_DIR; };
		12E5CF802A6B781400D6A2C1 /* AppDelegate.swift */ = {isa = PBXFileReference; lastKnownFileType = sourcecode.swift; path = AppDelegate.swift; sourceTree = "<group>"; };
		12E5CF822A6B781400D6A2C1 /* SceneDelegate.swift */ = {isa = PBXFileReference; lastKnownFileType = sourcecode.swift; path = SceneDelegate.swift; sourceTree = "<group>"; };
		12E5CF842A6B781400D6A2C1 /* ViewController.swift */ = {isa = PBXFileReference; lastKnownFileType = sourcecode.swift; path = ViewController.swift; sourceTree = "<group>"; };
		12E5CF872A6B781400D6A2C1 /* Base */ = {isa = PBXFileReference; lastKnownFileType = file.storyboard; name = Base; path = Base.lproj/Main.storyboard; sourceTree = "<group>"; };
		12E5CF892A6B781500D6A2C1 /* Assets.xcassets */ = {isa = PBXFileReference; lastKnownFileType = folder.assetcatalog; path = Assets.xcassets; sourceTree = "<group>"; };
		12E5CF8C2A6B781500D6A2C1 /* Base */ = {isa = PBXFileReference; lastKnownFileType = file.storyboard; name = Base; path = Base.lproj/LaunchScreen.storyboard; sourceTree = "<group>"; };
		12E5CF8E2A6B781500D6A2C1 /* Info.plist */ = {isa = PBXFileReference; lastKnownFileType = text.plist.xml; path = Info.plist; sourceTree = "<group>"; };
		12E5CF932A6B781500D6A2C1 /* SCNViewDemoTests.xctest */ = {isa = PBXFileReference; explicitFileType = wrapper.cfbundle; includeInIndex = 0; path = SCNViewDemoTests.xctest; sourceTree = BUILT_PRODUCTS_DIR; };
		12E5CF972A6B781500D6A2C1 /* SCNViewDemoTests.swift */ = {isa = PBXFileReference; lastKnownFileType = sourcecode.swift; path = SCNViewDemoTests.swift; sourceTree = "<group>"; };
		12E5CF9D2A6B781500D6A2C1 /* SCNViewDemoUITests.xctest */ = {isa = PBXFileReference; explicitFileType = wrapper.cfbundle; includeInIndex = 0; path = SCNViewDemoUITests.xctest; sourceTree = BUILT_PRODUCTS_DIR; };
		12E5CFA12A6B781500D6A2C1 /* SCNViewDemoUITests.swift */ = {isa = PBXFileReference; lastKnownFileType = sourcecode.swift; path = SCNViewDemoUITests.swift; sourceTree = "<group>"; };
		12E5CFA32A6B781500D6A2C1 /* SCNViewDemoUITestsLaunchTests.swift */ = {isa = PBXFileReference; lastKnownFileType = sourcecode.swift; path = SCNViewDemoUITestsLaunchTests.swift; sourceTree = "<group>"; };
		12E5CFB02A6B7A1200D6A2C1 /* scenery.jpg */ = {isa = PBXFileReference; lastKnownFileType = image.jpeg; path = scenery.jpg; sourceTree = "<group>"; };
/* End PBXFileReference section */

/* Begin PBXFrameworksBuildPhase section */
		12E5CF7A2A6B781400D6A2C1 /* Frameworks */ = {
			isa = PBXFrameworksBuildPhase;
			buildActionMask = 2147483647;
			files = (
				1235082F2A6E6E7D00E8BE83 /* Alamofire in Frameworks */,
			);
			runOnlyForDeploymentPostprocessing = 0;
		};
		12E5CF902A6B781500D6A2C1 /* Frameworks */ = {
			isa = PBXFrameworksBuildPhase;
			buildActionMask = 2147483647;
			files = (
			);
			runOnlyForDeploymentPostprocessing = 0;
		};
		12E5CF9A2A6B781500D6A2C1 /* Frameworks */ = {
			isa = PBXFrameworksBuildPhase;
			buildActionMask = 2147483647;
			files = (
			);
			runOnlyForDeploymentPostprocessing = 0;
		};
/* End PBXFrameworksBuildPhase section */

/* Begin PBXGroup section */
		12E5CF742A6B781400D6A2C1 = {
			isa = PBXGroup;
			children = (
				12E5CF7F2A6B781400D6A2C1 /* SCNViewDemo */,
				12E5CF962A6B781500D6A2C1 /* SCNViewDemoTests */,
				12E5CFA02A6B781500D6A2C1 /* SCNViewDemoUITests */,
				12E5CF7E2A6B781400D6A2C1 /* Products */,
			);
			sourceTree = "<group>";
		};
		12E5CF7E2A6B781400D6A2C1 /* Products */ = {
			isa = PBXGroup;
			children = (
				12E5CF7D2A6B781400D6A2C1 /* SCNViewDemo.app */,
				12E5CF932A6B781500D6A2C1 /* SCNViewDemoTests.xctest */,
				12E5CF9D2A6B781500D6A2C1 /* SCNViewDemoUITests.xctest */,
			);
			name = Products;
			sourceTree = "<group>";
		};
		12E5CF7F2A6B781400D6A2C1 /* SCNViewDemo */ = {
			isa = PBXGroup;
			children = (
				12E5CF802A6B781400D6A2C1 /* AppDelegate.swift */,
				12E5CF822A6B781400D6A2C1 /* SceneDelegate.swift */,
				12E5CF842A6B781400D6A2C1 /* ViewController.swift */,
				12E5CFB02A6B7A1200D6A2C1 /* scenery.jpg */,
				12E5CF862A6B781400D6A2C1 /* Main.storyboard */,
				12E5CF892A6B781500D6A2C1 /* Assets.xcassets */,
				12E5CF8B2A6B781500D6A2C1 /* LaunchScreen.storyboard */,
				12E5CF8E2A6B781500D6A2C1 /* Info.plist */,
			);
			path = SCNViewDemo;
			sourceTree = "<group>";
		};
		12E5CF962A6B781500D6A2C1 /* SCNViewDemoTests */ = {
			isa = PBXGroup;
			children = (
				12E5CF972A6B781500D6A2C1 /* SCNViewDemoTests.swift */,
			);
			path = SCNViewDemoTests;
			sourceTree = "<group>";
		};
		12E5CFA02A6B781500D6A2C1 /* SCNViewDemoUITests */ = {
			isa = PBXGroup;
			children = (
				12E5CFA12A6B781500D6A2C1 /* SCNViewDemoUITests.swift */,
				12E5CFA32A6B781500D6A2C1 /* SCNViewDemoUITestsLaunchTests.swift */,
			);
			path = SCNViewDemoUITests;
			sourceTree = "<group>";
		};
/* End PBXGroup section */

/* Begin PBXNativeTarget section */
		12E5CF7C2A6B781400D6A2C1 /* SCNViewDemo */ = {
			isa = PBXNativeTarget;
			buildConfigurationList = 12E5CFA72A6B781500D6A2C1 /* Build configuration list for PBXNativeTarget "SCNViewDemo" */;
			buildPhases = (
				12E5CF792A6B781400D6A2C1 /* Sources */,
				12E5CF7A2A6B781400D6A2C1 /* Frameworks */,
				12E5CF7B2A6B781400D6A2C1 /* Resources */,
			);
			buildRules = (
			);
			dependencies = (
			);
			name = SCNViewDemo;
			packageProductDependencies = (
				1235082E2A6E6E7D00E8BE83 /* Alamofire */,
			);
			productName = SCNViewDemo;
			productReference = 12E5CF7D2A6B781400D6A2C1 /* SCNViewDemo.app */;
			productType = "com.apple.product-type.application";
		};
		12E5CF922A6B781500D6A2C1 /* SCNViewDemoTests */ = {
			isa = PBXNativeTarget;
			buildConfigurationList = 12E5CFAA2A6B781500D6A2C1 /* Build configuration list for PBXNativeTarget "SCNViewDemoTests" */;
			buildPhases = (
				12E5CF8F2A6B781500D6A2C1 /* Sources */,
				12E5CF902A6B781500D6A2C1 /* Frameworks */,
				12E5CF912A6B781500D6A2C1 /* Resources */,
			);
			buildRules = (
			);
			dependencies = (
				12E5CF952A6B781500D6A2C1 /* PBXTargetDependency */,
			);
			name = SCNViewDemoTests;
			productName = SCNViewDemoTests;
			productReference = 12E5CF932A6B781500D6A2C1 /* SCNViewDemoTests.xctest */;
			productType = "com.apple.product-type.bundle.unit-test";
		};
		12E5CF9C2A6B781500D6A2C1 /* SCNViewDemoUITests */ = {
			isa = PBXNativeTarget;
			buildConfigurationList = 12E5CFAD2A6B781500D6A2C1 /* Build configuration list for PBXNativeTarget "SCNViewDemoUITests" */;
			buildPhases = (
				12E5CF992A6B781500D6A2C1 /* Sources */,
				12E5CF9A2A6B781500D6A2C1 /* Frameworks */,
				12E5CF9B2A6B781500D6A2C1 /* Resources */,
			);
			buildRules = (
			);
			dependencies = (
				12E5CF9F2A6B781500D6A2C1 /* PBXTargetDependency */,
			);
			name = SCNViewDemoUITests;
			productName = SCNViewDemoUITests;
			productReference = 12E5CF9D2A6B781500D6A2C1 /* SCNViewDemoUITests.xctest */;
			productType = "com.apple.product-type.bundle.ui-testing";
		};
/* End PBXNativeTarget section */

/* Begin PBXProject section */
		12E5CF752A6B781400D6A2C1 /* Project object */ = {
			isa = PBXProject;
			attributes = {
				BuildIndependentTargetsInParallel = 1;
				LastSwiftUpdateCheck = 1430;
				LastUpgradeCheck = 1430;
				TargetAttributes = {
					12E5CF7C2A6B781400D6A2C1 = {
						CreatedOnToolsVersion = 14.3.1;
					};
					12E5CF922A6B781500D6A2C1 = {
						CreatedOnToolsVersion = 14.3.1;
						TestTargetID = 12E5CF7C2A6B781400D6A2C1;
					};
					12E5CF9C2A6B781500D6A2C1 = {
						CreatedOnToolsVersion = 14.3.1;
						TestTargetID = 12E5CF7C2A6B781400D6A2C1;
					};
				};
			};
			buildConfigurationList = 12E5CF782A6B781400D6A2C1 /* Build configuration list for PBXProject "SCNViewDemo" */;
			compatibilityVersion = "Xcode 14.0";
			developmentRegion = en;
			hasScannedForEncodings = 0;
			knownRegions = (
				en,
				Base,
			);
			mainGroup = 12E5CF742A6B781400D6A2C1;
			packageReferences = (
				1235082D2A6E6E7D00E8BE83 /* XCRemoteSwiftPackageReference "Alamofire" */,
			);
			productRefGroup = 12E5CF7E2A6B781400D6A2C1 /* Products */;
			projectDirPath = "";
			projectRoot = "";
			targets = (
				12E5CF7C2A6B781400D6A2C1 /* SCNViewDemo */,
				12E5CF922A6B781500D6A2C1 /* SCNViewDemoTests */,
				12E5CF9C2A6B781500D6A2C1 /* SCNViewDemoUITests */,
			);
		};
/* End PBXProject section */

/* Begin PBXResourcesBuildPhase section */
		12E5CF7B2A6B781400D6A2C1 /* Resources */ = {
			isa = PBXResourcesBuildPhase;
			buildActionMask = 2147483647;
			files = (
				12E5CF8D2A6B781500D6A2C1 /* LaunchScreen.storyboard in Resources */,
				12E5CF8A2A6B781500D6A2C1 /* Assets.xcassets in Resources */,
				12E5CF882A6B781400D6A2C1 /* Main.storyboard in Resources */,
				12E5CFB12A6B7A1200D6A2C1 /* scenery.jpg in Resources */,
			);
			runOnlyForDeploymentPostprocessing = 0;
		};
		12E5CF912A6B781500D6A2C1 /* Resources */ = {
			isa = PBXResourcesBuildPhase;
			buildActionMask = 2147483647;
			files = (
			);
			runOnlyForDeploymentPostprocessing = 0;
		};
		12E5CF9B2A6B781500D6A2C1 /* Resources */ = {
			isa = PBXResourcesBuildPhase;
			buildActionMask = 2147483647;
			files = (
			);
			runOnlyForDeploymentPostprocessing = 0;
		};
/* End PBXResourcesBuildPhase section */

/* Begin PBXSourcesBuildPhase section */
		12E5CF792A6B781400D6A2C1 /* Sources */ = {
			isa = PBXSourcesBuildPhase;
			buildActionMask = 2147483647;
			files = (
				12E5CF852A6B781400D6A2C1 /* ViewController.swift in Sources */,
				12E5CF812A6B781400D6A2C1 /* AppDelegate.swift in Sources */,
				12E5CF832A6B781400D6A2C1 /* SceneDelegate.swift in Sources */,
			);
			runOnlyForDeploymentPostprocessing = 0;
		};
		12E5CF8F2A6B781500D6A2C1 /* Sources */ = {
			isa = PBXSourcesBuildPhase;
			buildActionMask = 2147483647;
			files = (
				12E5CF982A6B781500D6A2C1 /* SCNViewDemoTests.swift in Sources */,
			);
			runOnlyForDeploymentPostprocessing = 0;
		};
		12E5CF992A6B781500D6A2C1 /* Sources */ = {
			isa = PBXSourcesBuildPhase;
			buildActionMask = 2147483647;
			files = (
				12E5CFA22A6B781500D6A2C1 /* SCNViewDemoUITests.swift in Sources */,
				12E5CFA42A6B781500D6A2C1 /* SCNViewDemoUITestsLaunchTests.swift in Sources */,
			);
			runOnlyForDeploymentPostprocessing = 0;
		};
/* End PBXSourcesBuildPhase section */

/* Begin PBXTargetDependency section */
		12E5CF952A6B781500D6A2C1 /* PBXTargetDependency */ = {
			isa = PBXTargetDependency;
			target = 12E5CF7C2A6B781400D6A2C1 /* SCNViewDemo */;
			targetProxy = 12E5CF942A6B781500D6A2C1 /* PBXContainerItemProxy */;
		};
		12E5CF9F2A6B781500D6A2C1 /* PBXTargetDependency */ = {
			isa = PBXTargetDependency;
			target = 12E5CF7C2A6B781400D6A2C1 /* SCNViewDemo */;
			targetProxy = 12E5CF9E2A6B781500D6A2C1 /* PBXContainerItemProxy */;
		};
/* End PBXTargetDependency section */

/* Begin PBXVariantGroup section */
		12E5CF862A6B781400D6A2C1 /* Main.storyboard */ = {
			isa = PBXVariantGroup;
			children = (
				12E5CF872A6B781400D6A2C1 /* Base */,
			);
			name = Main.storyboard;
			sourceTree = "<group>";
		};
		12E5CF8B2A6B781500D6A2C1 /* LaunchScreen.storyboard */ = {
			isa = PBXVariantGroup;
			children = (
				12E5CF8C2A6B781500D6A2C1 /* Base */,
			);
			name = LaunchScreen.storyboard;
			sourceTree = "<group>";
		};
/* End PBXVariantGroup section */

/* Begin XCBuildConfiguration section */
		12E5CFA52A6B781500D6A2C1 /* Debug */ = {
			isa = XCBuildConfiguration;
			buildSettings = {
				ALWAYS_SEARCH_USER_PATHS = NO;
				CLANG_ANALYZER_NONNULL = YES;
				CLANG_ANALYZER_NUMBER_OBJECT_CONVERSION = YES_AGGRESSIVE;
				CLANG_CXX_LANGUAGE_STANDARD = "gnu++20";
				CLANG_ENABLE_MODULES = YES;
				CLANG_ENABLE_OBJC_ARC = YES;
				CLANG_ENABLE_OBJC_WEAK = YES;
				CLANG_WARN_BLOCK_CAPTURE_AUTORELEASING = YES;
				CLANG_WARN_BOOL_CONVERSION = YES;
				CLANG_WARN_COMMA = YES;
				CLANG_WARN_CONSTANT_CONVERSION = YES;
				CLANG_WARN_DEPRECATED_OBJC_IMPLEMENTATIONS = YES;
				CLANG_WARN_DIRECT_OBJC_ISA_USAGE = YES_ERROR;
				CLANG_WARN_DOCUMENTATION_COMMENTS = YES;
				CLANG_WARN_EMPTY_BODY = YES;
				CLANG_WARN_ENUM_CONVERSION = YES;
				CLANG_WARN_INFINITE_RECURSION = YES;
				CLANG_WARN_INT_CONVERSION = YES;
				CLANG_WARN_NON_LITERAL_NULL_CONVERSION = YES;
				CLANG_WARN_OBJC_IMPLICIT_RETAIN_SELF = YES;
				CLANG_WARN_OBJC_LITERAL_CONVERSION = YES;
				CLANG_WARN_OBJC_ROOT_CLASS = YES_ERROR;
				CLANG_WARN_QUOTED_INCLUDE_IN_FRAMEWORK_HEADER = YES;
				CLANG_WARN_RANGE_LOOP_ANALYSIS = YES;
				CLANG_WARN_STRICT_PROTOTYPES = YES;
				CLANG_WARN_SUSPICIOUS_MOVE = YES;
				CLANG_WARN_UNGUARDED_AVAILABILITY = YES_AGGRESSIVE;
				CLANG_WARN_UNREACHABLE_CODE = YES;
				CLANG_WARN__DUPLICATE_METHOD_MATCH = YES;
				COPY_PHASE_STRIP = NO;
				DEBUG_INFORMATION_FORMAT = dwarf;
				ENABLE_STRICT_OBJC_MSGSEND = YES;
				ENABLE_TESTABILITY = YES;
				GCC_C_LANGUAGE_STANDARD = gnu11;
				GCC_DYNAMIC_NO_PIC = NO;
				GCC_NO_COMMON_BLOCKS = YES;
				GCC_OPTIMIZATION_LEVEL = 0;
				GCC_PREPROCESSOR_DEFINITIONS = (
					"DEBUG=1",
					"$(inherited)",
				);
				GCC_WARN_64_TO_32_BIT_CONVERSION = YES;
				GCC_WARN_ABOUT_RETURN_TYPE = YES_ERROR;
				GCC_WARN_UNDECLARED_SELECTOR = YES;
				GCC_WARN_UNINITIALIZED_AUTOS = YES_AGGRESSIVE;
				GCC_WARN_UNUSED_FUNCTION = YES;
				GCC_WARN_UNUSED_VARIABLE = YES;
				IPHONEOS_DEPLOYMENT_TARGET = 16.4;
				MTL_ENABLE_DEBUG_INFO = INCLUDE_SOURCE;
				MTL_FAST_MATH = YES;
				ONLY_ACTIVE_ARCH = YES;
				SDKROOT = iphoneos;
				SWIFT_ACTIVE_COMPILATION_CONDITIONS = DEBUG;
				SWIFT_OPTIMIZATION_LEVEL = "-Onone";
			};
			name = Debug;
		};
		12E5CFA62A6B781500D6A2C1 /* Release */ = {
			isa = XCBuildConfiguration;
			buildSettings = {
				ALWAYS_SEARCH_USER_PATHS = NO;
				CLANG_ANALYZER_NONNULL = YES;
				CLANG_ANALYZER_NUMBER_OBJECT_CONVERSION = YES_AGGRESSIVE;
				CLANG_CXX_LANGUAGE_STANDARD = "gnu++20";
				CLANG_ENABLE_MODULES = YES;
				CLANG_ENABLE_OBJC_ARC = YES;
				CLANG_ENABLE_OBJC_WEAK = YES;
				CLANG_WARN_BLOCK_CAPTURE_AUTORELEASING = YES;
				CLANG_WARN_BOOL_CONVERSION = YES;
				CLANG_WARN_COMMA = YES;
				CLANG_WARN_CONSTANT_CONVERSION = YES;
				CLANG_WARN_DEPRECATED_OBJC_IMPLEMENTATIONS = YES;
				CLANG_WARN_DIRECT_OBJC_ISA_USAGE = YES_ERROR;
				CLANG_WARN_DOCUMENTATION_COMMENTS = YES;
				CLANG_WARN_EMPTY_BODY = YES;
				CLANG_WARN_ENUM_CONVERSION = YES;
				CLANG_WARN_INFINITE_RECURSION = YES;
				CLANG_WARN_INT_CONVERSION = YES;
				CLANG_WARN_NON_LITERAL_NULL_CONVERSION = YES;
				CLANG_WARN_OBJC_IMPLICIT_RETAIN_SELF = YES;
				CLANG_WARN_OBJC_LITERAL_CONVERSION = YES;
				CLANG_WARN_OBJC_ROOT_CLASS = YES_ERROR;
				CLANG_WARN_QUOTED_INCLUDE_IN_FRAMEWORK_HEADER = YES;
				CLANG_WARN_RANGE_LOOP_ANALYSIS = YES;
				CLANG_WARN_STRICT_PROTOTYPES = YES;
				CLANG_WARN_SUSPICIOUS_MOVE = YES;
				CLANG_WARN_UNGUARDED_AVAILABILITY = YES_AGGRESSIVE;
				CLANG_WARN_UNREACHABLE_CODE = YES;
				CLANG_WARN__DUPLICATE_METHOD_MATCH = YES;
				COPY_PHASE_STRIP = NO;
				DEBUG_INFORMATION_FORMAT = "dwarf-with-dsym";
				ENABLE_NS_ASSERTIONS = NO;
				ENABLE_STRICT_OBJC_MSGSEND = YES;
				GCC_C_LANGUAGE_STANDARD = gnu11;
				GCC_NO_COMMON_BLOCKS = YES;
				GCC_WARN_64_TO_32_BIT_CONVERSION = YES;
				GCC_WARN_ABOUT_RETURN_TYPE = YES_ERROR;
				GCC_WARN_UNDECLARED_SELECTOR = YES;
				GCC_WARN_UNINITIALIZED_AUTOS = YES_AGGRESSIVE;
				GCC_WARN_UNUSED_FUNCTION = YES;
				GCC_WARN_UNUSED_VARIABLE = YES;
				IPHONEOS_DEPLOYMENT_TARGET = 16.4;
				MTL_ENABLE_DEBUG_INFO = NO;
				MTL_FAST_MATH = YES;
				SDKROOT = iphoneos;
				SWIFT_COMPILATION_MODE = wholemodule;
				SWIFT_OPTIMIZATION_LEVEL = "-O";
				VALIDATE_PRODUCT = YES;
			};
			name = Release;
		};
		12E5CFA82A6B781500D6A2C1 /* Debug */ = {
			isa = XCBuildConfiguration;
			buildSettings = {
				ASSETCATALOG_COMPILER_APPICON_NAME = AppIcon;
				ASSETCATALOG_COMPILER_GLOBAL_ACCENT_COLOR_NAME = AccentColor;
				CODE_SIGN_STYLE = Automatic;
				CURRENT_PROJECT_VERSION = 1;
				DEVELOPMENT_TEAM = 47M4Z467XX;
				GENERATE_INFOPLIST_FILE = YES;
				INFOPLIST_FILE = SCNViewDemo/Info.plist;
				INFOPLIST_KEY_UIApplicationSupportsIndirectInputEvents = YES;
				INFOPLIST_KEY_UILaunchStoryboardName = LaunchScreen;
				INFOPLIST_KEY_UIMainStoryboardFile = Main;
				INFOPLIST_KEY_UISupportedInterfaceOrientations_iPad = "UIInterfaceOrientationPortrait UIInterfaceOrientationPortraitUpsideDown UIInterfaceOrientationLandscapeLeft UIInterfaceOrientationLandscapeRight";
				INFOPLIST_KEY_UISupportedInterfaceOrientations_iPhone = "UIInterfaceOrientationPortrait UIInterfaceOrientationLandscapeLeft UIInterfaceOrientationLandscapeRight";
				LD_RUNPATH_SEARCH_PATHS = (
					"$(inherited)",
					"@executable_path/Frameworks",
				);
				MARKETING_VERSION = 1.0;
				PRODUCT_BUNDLE_IDENTIFIER = com.sxt.SCNViewDemo;
				PRODUCT_NAME = "$(TARGET_NAME)";
				SWIFT_EMIT_LOC_STRINGS = YES;
				SWIFT_VERSION = 5.0;
				TARGETED_DEVICE_FAMILY = "1,2";
			};
			name = Debug;
		};
		12E5CFA92A6B781500D6A2C1 /* Release */ = {
			isa = XCBuildConfiguration;
			buildSettings = {
				ASSETCATALOG_COMPILER_APPICON_NAME = AppIcon;
				ASSETCATALOG_COMPILER_GLOBAL_ACCENT_COLOR_NAME = AccentColor;
				CODE_SIGN_STYLE = Automatic;
				CURRENT_PROJECT_VERSION = 1;
				DEVELOPMENT_TEAM = 47M4Z467XX;
				GENERATE_INFOPLIST_FILE = YES;
				INFOPLIST_FILE = SCNViewDemo/Info.plist;
				INFOPLIST_KEY_UIApplicationSupportsIndirectInputEvents = YES;
				INFOPLIST_KEY_UILaunchStoryboardName = LaunchScreen;
				INFOPLIST_KEY_UIMainStoryboardFile = Main;
				INFOPLIST_KEY_UISupportedInterfaceOrientations_iPad = "UIInterfaceOrientationPortrait UIInterfaceOrientationPortraitUpsideDown UIInterfaceOrientationLandscapeLeft UIInterfaceOrientationLandscapeRight";
				INFOPLIST_KEY_UISupportedInterfaceOrientations_iPhone = "UIInterfaceOrientationPortrait UIInterfaceOrientationLandscapeLeft UIInterfaceOrientationLandscapeRight";
				LD_RUNPATH_SEARCH_PATHS = (
					"$(inherited)",
					"@executable_path/Frameworks",
				);
				MARKETING_VERSION = 1.0;
				PRODUCT_BUNDLE_IDENTIFIER = com.sxt.SCNViewDemo;
				PRODUCT_NAME = "$(TARGET_NAME)";
				SWIFT_EMIT_LOC_STRINGS = YES;
				SWIFT_VERSION = 5.0;
				TARGETED_DEVICE_FAMILY = "1,2";
			};
			name = Release;
		};
		12E5CFAB2A6B781500D6A2C1 /* Debug */ = {
			isa = XCBuildConfiguration;
			buildSettings = {
				ALWAYS_EMBED_SWIFT_STANDARD_LIBRARIES = YES;
				BUNDLE_LOADER = "$(TEST_HOST)";
				CODE_SIGN_STYLE = Automatic;
				CURRENT_PROJECT_VERSION = 1;
				DEVELOPMENT_TEAM = 47M4Z467XX;
				GENERATE_INFOPLIST_FILE = YES;
				IPHONEOS_DEPLOYMENT_TARGET = 16.4;
				MARKETING_VERSION = 1.0;
				PRODUCT_BUNDLE_IDENTIFIER = com.sxt.SCNViewDemoTests;
				PRODUCT_NAME = "$(TARGET_NAME)";
				SWIFT_EMIT_LOC_STRINGS = NO;
				SWIFT_VERSION = 5.0;
				TARGETED_DEVICE_FAMILY = "1,2";
				TEST_HOST = "$(BUILT_PRODUCTS_DIR)/SCNViewDemo.app/$(BUNDLE_EXECUTABLE_FOLDER_PATH)/SCNViewDemo";
			};
			name = Debug;
		};
		12E5CFAC2A6B781500D6A2C1 /* Release */ = {
			isa = XCBuildConfiguration;
			buildSettings = {
				ALWAYS_EMBED_SWIFT_STANDARD_LIBRARIES = YES;
				BUNDLE_LOADER = "$(TEST_HOST)";
				CODE_SIGN_STYLE = Automatic;
				CURRENT_PROJECT_VERSION = 1;
				DEVELOPMENT_TEAM = 47M4Z467XX;
				GENERATE_INFOPLIST_FILE = YES;
				IPHONEOS_DEPLOYMENT_TARGET = 16.4;
				MARKETING_VERSION = 1.0;
				PRODUCT_BUNDLE_IDENTIFIER = com.sxt.SCNViewDemoTests;
				PRODUCT_NAME = "$(TARGET_NAME)";
				SWIFT_EMIT_LOC_STRINGS = NO;
				SWIFT_VERSION = 5.0;
				TARGETED_DEVICE_FAMILY = "1,2";
				TEST_HOST = "$(BUILT_PRODUCTS_DIR)/SCNViewDemo.app/$(BUNDLE_EXECUTABLE_FOLDER_PATH)/SCNViewDemo";
			};
			name = Release;
		};
		12E5CFAE2A6B781500D6A2C1 /* Debug */ = {
			isa = XCBuildConfiguration;
			buildSettings = {
				ALWAYS_EMBED_SWIFT_STANDARD_LIBRARIES = YES;
				CODE_SIGN_STYLE = Automatic;
				CURRENT_PROJECT_VERSION = 1;
				DEVELOPMENT_TEAM = 47M4Z467XX;
				GENERATE_INFOPLIST_FILE = YES;
				MARKETING_VERSION = 1.0;
				PRODUCT_BUNDLE_IDENTIFIER = com.sxt.SCNViewDemoUITests;
				PRODUCT_NAME = "$(TARGET_NAME)";
				SWIFT_EMIT_LOC_STRINGS = NO;
				SWIFT_VERSION = 5.0;
				TARGETED_DEVICE_FAMILY = "1,2";
				TEST_TARGET_NAME = SCNViewDemo;
			};
			name = Debug;
		};
		12E5CFAF2A6B781500D6A2C1 /* Release */ = {
			isa = XCBuildConfiguration;
			buildSettings = {
				ALWAYS_EMBED_SWIFT_STANDARD_LIBRARIES = YES;
				CODE_SIGN_STYLE = Automatic;
				CURRENT_PROJECT_VERSION = 1;
				DEVELOPMENT_TEAM = 47M4Z467XX;
				GENERATE_INFOPLIST_FILE = YES;
				MARKETING_VERSION = 1.0;
				PRODUCT_BUNDLE_IDENTIFIER = com.sxt.SCNViewDemoUITests;
				PRODUCT_NAME = "$(TARGET_NAME)";
				SWIFT_EMIT_LOC_STRINGS = NO;
				SWIFT_VERSION = 5.0;
				TARGETED_DEVICE_FAMILY = "1,2";
				TEST_TARGET_NAME = SCNViewDemo;
			};
			name = Release;
		};
/* End XCBuildConfiguration section */

/* Begin XCConfigurationList section */
		12E5CF782A6B781400D6A2C1 /* Build configuration list for PBXProject "SCNViewDemo" */ = {
			isa = XCConfigurationList;
			buildConfigurations = (
				12E5CFA52A6B781500D6A2C1 /* Debug */,
				12E5CFA62A6B781500D6A2C1 /* Release */,
			);
			defaultConfigurationIsVisible = 0;
			defaultConfigurationName = Release;
		};
		12E5CFA72A6B781500D6A2C1 /* Build configuration list for PBXNativeTarget "SCNViewDemo" */ = {
			isa = XCConfigurationList;
			buildConfigurations = (
				12E5CFA82A6B781500D6A2C1 /* Debug */,
				12E5CFA92A6B781500D6A2C1 /* Release */,
			);
			defaultConfigurationIsVisible = 0;
			defaultConfigurationName = Release;
		};
		12E5CFAA2A6B781500D6A2C1 /* Build configuration list for PBXNativeTarget "SCNViewDemoTests" */ = {
			isa = XCConfigurationList;
			buildConfigurations = (
				12E5CFAB2A6B781500D6A2C1 /* Debug */,
				12E5CFAC2A6B781500D6A2C1 /* Release */,
			);
			defaultConfigurationIsVisible = 0;
			defaultConfigurationName = Release;
		};
		12E5CFAD2A6B781500D6A2C1 /* Build configuration list for PBXNativeTarget "SCNViewDemoUITests" */ = {
			isa = XCConfigurationList;
			buildConfigurations = (
				12E5CFAE2A6B781500D6A2C1 /* Debug */,
				12E5CFAF2A6B781500D6A2C1 /* Release */,
			);
			defaultConfigurationIsVisible = 0;
			defaultConfigurationName = Release;
		};
/* End XCConfigurationList section */

/* Begin XCRemoteSwiftPackageReference section */
		1235082D2A6E6E7D00E8BE83 /* XCRemoteSwiftPackageReference "Alamofire" */ = {
			isa = XCRemoteSwiftPackageReference;
			repositoryURL = "https://github.com/Alamofire/Alamofire.git";
			requirement = {
				kind = upToNextMajorVersion;
				minimumVersion = 5.0.0;
			};
		};
/* End XCRemoteSwiftPackageReference section */

/* Begin XCSwiftPackageProductDependency section */
		1235082E2A6E6E7D00E8BE83 /* Alamofire */ = {
			isa = XCSwiftPackageProductDependency;
			package = 1235082D2A6E6E7D00E8BE83 /* XCRemoteSwiftPackageReference "Alamofire" */;
			productName = Alamofire;
		};
/* End XCSwiftPackageProductDependency section */
	};
	rootObject = 12E5CF752A6B781400D6A2C1 /* Project object */;
}
